// !$*UTF8*$!
{
	archiveVersion = 1;
	classes = {
	};
	objectVersion = 46;
	objects = {

/* Begin PBXBuildFile section */
		1CDFF0D0E008401EE5AED0C4 /* Pods_Chat_Application.framework in Frameworks */ = {isa = PBXBuildFile; fileRef = 75FC93AD724A285C3710486A /* Pods_Chat_Application.framework */; };
		3013DC6C1F209A0E00BF8EAC /* Main.storyboard in Resources */ = {isa = PBXBuildFile; fileRef = 30EDCB9D1F1DFDB3004C5B17 /* Main.storyboard */; };
		303627501F1F828A0083C7AC /* MessagesTableViewCell.swift in Sources */ = {isa = PBXBuildFile; fileRef = 3036274F1F1F828A0083C7AC /* MessagesTableViewCell.swift */; };
		304056C41F1E33B100EA2E14 /* Message.swift in Sources */ = {isa = PBXBuildFile; fileRef = 304056C31F1E33B100EA2E14 /* Message.swift */; };
		304056C61F1E34A000EA2E14 /* MessagesDao.swift in Sources */ = {isa = PBXBuildFile; fileRef = 304056C51F1E34A000EA2E14 /* MessagesDao.swift */; };
		304056C81F1E404500EA2E14 /* MessagesViewController.swift in Sources */ = {isa = PBXBuildFile; fileRef = 304056C71F1E404500EA2E14 /* MessagesViewController.swift */; };
		309EC4E41F1CF1D300BB94C4 /* AppDelegate.swift in Sources */ = {isa = PBXBuildFile; fileRef = 309EC4E31F1CF1D300BB94C4 /* AppDelegate.swift */; };
		309EC4EB1F1CF1D300BB94C4 /* Assets.xcassets in Resources */ = {isa = PBXBuildFile; fileRef = 309EC4EA1F1CF1D300BB94C4 /* Assets.xcassets */; };
		309EC4EE1F1CF1D300BB94C4 /* LaunchScreen.storyboard in Resources */ = {isa = PBXBuildFile; fileRef = 309EC4EC1F1CF1D300BB94C4 /* LaunchScreen.storyboard */; };
		309EC4F81F1CF36300BB94C4 /* ChatroomTableViewController.swift in Sources */ = {isa = PBXBuildFile; fileRef = 309EC4F71F1CF36300BB94C4 /* ChatroomTableViewController.swift */; };
		309EC4FA1F1CF36A00BB94C4 /* TableViewCell.swift in Sources */ = {isa = PBXBuildFile; fileRef = 309EC4F91F1CF36A00BB94C4 /* TableViewCell.swift */; };
		309EC4FC1F1CF37000BB94C4 /* SelectedViewController.swift in Sources */ = {isa = PBXBuildFile; fileRef = 309EC4FB1F1CF37000BB94C4 /* SelectedViewController.swift */; };
		309EC50B1F1CF4A300BB94C4 /* UserDao.swift in Sources */ = {isa = PBXBuildFile; fileRef = 309EC50A1F1CF4A300BB94C4 /* UserDao.swift */; };
		309EC50D1F1CF4AA00BB94C4 /* ChatroomDao.swift in Sources */ = {isa = PBXBuildFile; fileRef = 309EC50C1F1CF4AA00BB94C4 /* ChatroomDao.swift */; };
		309EC5101F1CF62500BB94C4 /* Chatroom.swift in Sources */ = {isa = PBXBuildFile; fileRef = 309EC50F1F1CF62500BB94C4 /* Chatroom.swift */; };
		309EC5121F1CF6CC00BB94C4 /* Client.swift in Sources */ = {isa = PBXBuildFile; fileRef = 309EC5111F1CF6CC00BB94C4 /* Client.swift */; };
		30EDCBAC1F1E0083004C5B17 /* DialogUtils.swift in Sources */ = {isa = PBXBuildFile; fileRef = 30EDCBAB1F1E0083004C5B17 /* DialogUtils.swift */; };
		30EDCBC81F1E2CBD004C5B17 /* Localizable.strings in Resources */ = {isa = PBXBuildFile; fileRef = 30EDCBC61F1E2CBD004C5B17 /* Localizable.strings */; };
		30F25BA920AAE4AB005827CF /* GoogleService-Info.plist in Resources */ = {isa = PBXBuildFile; fileRef = 30F25BA820AAE4AA005827CF /* GoogleService-Info.plist */; };
		30F25BAB20AB08EB005827CF /* LocationViewController.swift in Sources */ = {isa = PBXBuildFile; fileRef = 30F25BAA20AB08EB005827CF /* LocationViewController.swift */; };
		30F25BF620AC474A005827CF /* art.scnassets in Resources */ = {isa = PBXBuildFile; fileRef = 30F25BF520AC4749005827CF /* art.scnassets */; };
		30F25BF920AC4769005827CF /* FloatExtension.swift in Sources */ = {isa = PBXBuildFile; fileRef = 30F25BF820AC4769005827CF /* FloatExtension.swift */; };
		30F25BFB20AC4786005827CF /* StringExtension.swift in Sources */ = {isa = PBXBuildFile; fileRef = 30F25BFA20AC4786005827CF /* StringExtension.swift */; };
		30F25C0120AC4CCC005827CF /* MapPreviewViewController.swift in Sources */ = {isa = PBXBuildFile; fileRef = 30F25C0020AC4CCC005827CF /* MapPreviewViewController.swift */; };
/* End PBXBuildFile section */

/* Begin PBXFileReference section */
		3036274F1F1F828A0083C7AC /* MessagesTableViewCell.swift */ = {isa = PBXFileReference; fileEncoding = 4; lastKnownFileType = sourcecode.swift; path = MessagesTableViewCell.swift; sourceTree = "<group>"; };
		304056C31F1E33B100EA2E14 /* Message.swift */ = {isa = PBXFileReference; fileEncoding = 4; lastKnownFileType = sourcecode.swift; path = Message.swift; sourceTree = "<group>"; };
		304056C51F1E34A000EA2E14 /* MessagesDao.swift */ = {isa = PBXFileReference; fileEncoding = 4; lastKnownFileType = sourcecode.swift; path = MessagesDao.swift; sourceTree = "<group>"; };
		304056C71F1E404500EA2E14 /* MessagesViewController.swift */ = {isa = PBXFileReference; fileEncoding = 4; lastKnownFileType = sourcecode.swift; path = MessagesViewController.swift; sourceTree = "<group>"; };
		309EC4E01F1CF1D300BB94C4 /* Chat Application.app */ = {isa = PBXFileReference; explicitFileType = wrapper.application; includeInIndex = 0; path = "Chat Application.app"; sourceTree = BUILT_PRODUCTS_DIR; };
		309EC4E31F1CF1D300BB94C4 /* AppDelegate.swift */ = {isa = PBXFileReference; lastKnownFileType = sourcecode.swift; path = AppDelegate.swift; sourceTree = "<group>"; };
		309EC4EA1F1CF1D300BB94C4 /* Assets.xcassets */ = {isa = PBXFileReference; lastKnownFileType = folder.assetcatalog; path = Assets.xcassets; sourceTree = "<group>"; };
		309EC4ED1F1CF1D300BB94C4 /* Base */ = {isa = PBXFileReference; lastKnownFileType = file.storyboard; name = Base; path = Base.lproj/LaunchScreen.storyboard; sourceTree = "<group>"; };
		309EC4EF1F1CF1D300BB94C4 /* Info.plist */ = {isa = PBXFileReference; lastKnownFileType = text.plist.xml; path = Info.plist; sourceTree = "<group>"; };
		309EC4F71F1CF36300BB94C4 /* ChatroomTableViewController.swift */ = {isa = PBXFileReference; fileEncoding = 4; lastKnownFileType = sourcecode.swift; path = ChatroomTableViewController.swift; sourceTree = "<group>"; };
		309EC4F91F1CF36A00BB94C4 /* TableViewCell.swift */ = {isa = PBXFileReference; fileEncoding = 4; lastKnownFileType = sourcecode.swift; path = TableViewCell.swift; sourceTree = "<group>"; };
		309EC4FB1F1CF37000BB94C4 /* SelectedViewController.swift */ = {isa = PBXFileReference; fileEncoding = 4; lastKnownFileType = sourcecode.swift; path = SelectedViewController.swift; sourceTree = "<group>"; };
		309EC50A1F1CF4A300BB94C4 /* UserDao.swift */ = {isa = PBXFileReference; fileEncoding = 4; lastKnownFileType = sourcecode.swift; path = UserDao.swift; sourceTree = "<group>"; };
		309EC50C1F1CF4AA00BB94C4 /* ChatroomDao.swift */ = {isa = PBXFileReference; fileEncoding = 4; lastKnownFileType = sourcecode.swift; path = ChatroomDao.swift; sourceTree = "<group>"; };
		309EC50F1F1CF62500BB94C4 /* Chatroom.swift */ = {isa = PBXFileReference; fileEncoding = 4; lastKnownFileType = sourcecode.swift; path = Chatroom.swift; sourceTree = "<group>"; };
		309EC5111F1CF6CC00BB94C4 /* Client.swift */ = {isa = PBXFileReference; fileEncoding = 4; lastKnownFileType = sourcecode.swift; path = Client.swift; sourceTree = "<group>"; };
		30EDCB9C1F1DFDB3004C5B17 /* Base */ = {isa = PBXFileReference; lastKnownFileType = file.storyboard; name = Base; path = Base.lproj/Main.storyboard; sourceTree = "<group>"; };
		30EDCBAB1F1E0083004C5B17 /* DialogUtils.swift */ = {isa = PBXFileReference; fileEncoding = 4; lastKnownFileType = sourcecode.swift; path = DialogUtils.swift; sourceTree = "<group>"; };
		30EDCBC31F1E2C72004C5B17 /* en */ = {isa = PBXFileReference; lastKnownFileType = text.plist.strings; name = en; path = en.lproj/LaunchScreen.strings; sourceTree = "<group>"; };
		30EDCBC51F1E2C79004C5B17 /* ru */ = {isa = PBXFileReference; lastKnownFileType = text.plist.strings; name = ru; path = ru.lproj/LaunchScreen.strings; sourceTree = "<group>"; };
		30EDCBC71F1E2CBD004C5B17 /* en */ = {isa = PBXFileReference; lastKnownFileType = text.plist.strings; name = en; path = "Chat Application/en.lproj/Localizable.strings"; sourceTree = "<group>"; };
		30F25BA820AAE4AA005827CF /* GoogleService-Info.plist */ = {isa = PBXFileReference; fileEncoding = 4; lastKnownFileType = text.plist.xml; path = "GoogleService-Info.plist"; sourceTree = "<group>"; };
		30F25BAA20AB08EB005827CF /* LocationViewController.swift */ = {isa = PBXFileReference; lastKnownFileType = sourcecode.swift; path = LocationViewController.swift; sourceTree = "<group>"; };
		30F25BF520AC4749005827CF /* art.scnassets */ = {isa = PBXFileReference; lastKnownFileType = wrapper.scnassets; path = art.scnassets; sourceTree = "<group>"; };
		30F25BF820AC4769005827CF /* FloatExtension.swift */ = {isa = PBXFileReference; lastKnownFileType = sourcecode.swift; path = FloatExtension.swift; sourceTree = "<group>"; };
		30F25BFA20AC4786005827CF /* StringExtension.swift */ = {isa = PBXFileReference; lastKnownFileType = sourcecode.swift; path = StringExtension.swift; sourceTree = "<group>"; };
		30F25BFC20AC4CAD005827CF /* Chat Application-Bridging-Header.h */ = {isa = PBXFileReference; lastKnownFileType = sourcecode.c.h; path = "Chat Application-Bridging-Header.h"; sourceTree = "<group>"; };
		30F25C0020AC4CCC005827CF /* MapPreviewViewController.swift */ = {isa = PBXFileReference; lastKnownFileType = sourcecode.swift; path = MapPreviewViewController.swift; sourceTree = "<group>"; };
		75FC93AD724A285C3710486A /* Pods_Chat_Application.framework */ = {isa = PBXFileReference; explicitFileType = wrapper.framework; includeInIndex = 0; path = Pods_Chat_Application.framework; sourceTree = BUILT_PRODUCTS_DIR; };
		904BA1DF2BF2628839E3503B /* Pods-Chat Application.release.xcconfig */ = {isa = PBXFileReference; includeInIndex = 1; lastKnownFileType = text.xcconfig; name = "Pods-Chat Application.release.xcconfig"; path = "Pods/Target Support Files/Pods-Chat Application/Pods-Chat Application.release.xcconfig"; sourceTree = "<group>"; };
		F5D81F2C6074D4D57309C5C5 /* Pods-Chat Application.debug.xcconfig */ = {isa = PBXFileReference; includeInIndex = 1; lastKnownFileType = text.xcconfig; name = "Pods-Chat Application.debug.xcconfig"; path = "Pods/Target Support Files/Pods-Chat Application/Pods-Chat Application.debug.xcconfig"; sourceTree = "<group>"; };
/* End PBXFileReference section */

/* Begin PBXFrameworksBuildPhase section */
		309EC4DD1F1CF1D300BB94C4 /* Frameworks */ = {
			isa = PBXFrameworksBuildPhase;
			buildActionMask = 2147483647;
			files = (
				1CDFF0D0E008401EE5AED0C4 /* Pods_Chat_Application.framework in Frameworks */,
			);
			runOnlyForDeploymentPostprocessing = 0;
		};
/* End PBXFrameworksBuildPhase section */

/* Begin PBXGroup section */
		309EC4D71F1CF1D300BB94C4 = {
			isa = PBXGroup;
			children = (
				309EC4E21F1CF1D300BB94C4 /* Chat Application */,
				309EC4E11F1CF1D300BB94C4 /* Products */,
				3AE15BE38C418950D2E29C61 /* Pods */,
				5813703CE087E39F360EFC36 /* Frameworks */,
			);
			sourceTree = "<group>";
		};
		309EC4E11F1CF1D300BB94C4 /* Products */ = {
			isa = PBXGroup;
			children = (
				309EC4E01F1CF1D300BB94C4 /* Chat Application.app */,
			);
			name = Products;
			sourceTree = "<group>";
		};
		309EC4E21F1CF1D300BB94C4 /* Chat Application */ = {
			isa = PBXGroup;
			children = (
				30F25BF720AC4759005827CF /* Extension */,
				30EDCBC61F1E2CBD004C5B17 /* Localizable.strings */,
				30F25BA820AAE4AA005827CF /* GoogleService-Info.plist */,
				30EDCB9D1F1DFDB3004C5B17 /* Main.storyboard */,
				309EC50E1F1CF61900BB94C4 /* Model */,
				309EC5011F1CF47C00BB94C4 /* Dao */,
				309EC4E31F1CF1D300BB94C4 /* AppDelegate.swift */,
				309EC4F71F1CF36300BB94C4 /* ChatroomTableViewController.swift */,
				309EC4F91F1CF36A00BB94C4 /* TableViewCell.swift */,
				309EC4FB1F1CF37000BB94C4 /* SelectedViewController.swift */,
				309EC4EA1F1CF1D300BB94C4 /* Assets.xcassets */,
				309EC4EC1F1CF1D300BB94C4 /* LaunchScreen.storyboard */,
				309EC4EF1F1CF1D300BB94C4 /* Info.plist */,
				30EDCBAB1F1E0083004C5B17 /* DialogUtils.swift */,
				3036274F1F1F828A0083C7AC /* MessagesTableViewCell.swift */,
				30F25BF520AC4749005827CF /* art.scnassets */,
				304056C71F1E404500EA2E14 /* MessagesViewController.swift */,
				30F25BAA20AB08EB005827CF /* LocationViewController.swift */,
				30F25BFC20AC4CAD005827CF /* Chat Application-Bridging-Header.h */,
				30F25C0020AC4CCC005827CF /* MapPreviewViewController.swift */,
			);
			path = "Chat Application";
			sourceTree = "<group>";
		};
		309EC5011F1CF47C00BB94C4 /* Dao */ = {
			isa = PBXGroup;
			children = (
				309EC50C1F1CF4AA00BB94C4 /* ChatroomDao.swift */,
				309EC50A1F1CF4A300BB94C4 /* UserDao.swift */,
				304056C51F1E34A000EA2E14 /* MessagesDao.swift */,
			);
			path = Dao;
			sourceTree = "<group>";
		};
		309EC50E1F1CF61900BB94C4 /* Model */ = {
			isa = PBXGroup;
			children = (
				309EC50F1F1CF62500BB94C4 /* Chatroom.swift */,
				309EC5111F1CF6CC00BB94C4 /* Client.swift */,
				304056C31F1E33B100EA2E14 /* Message.swift */,
			);
			path = Model;
			sourceTree = "<group>";
		};
		30F25BF720AC4759005827CF /* Extension */ = {
			isa = PBXGroup;
			children = (
				30F25BF820AC4769005827CF /* FloatExtension.swift */,
				30F25BFA20AC4786005827CF /* StringExtension.swift */,
			);
			path = Extension;
			sourceTree = "<group>";
		};
		3AE15BE38C418950D2E29C61 /* Pods */ = {
			isa = PBXGroup;
			children = (
				F5D81F2C6074D4D57309C5C5 /* Pods-Chat Application.debug.xcconfig */,
				904BA1DF2BF2628839E3503B /* Pods-Chat Application.release.xcconfig */,
			);
			name = Pods;
			sourceTree = "<group>";
		};
		5813703CE087E39F360EFC36 /* Frameworks */ = {
			isa = PBXGroup;
			children = (
				75FC93AD724A285C3710486A /* Pods_Chat_Application.framework */,
			);
			name = Frameworks;
			sourceTree = "<group>";
		};
/* End PBXGroup section */

/* Begin PBXNativeTarget section */
		309EC4DF1F1CF1D300BB94C4 /* Chat Application */ = {
			isa = PBXNativeTarget;
			buildConfigurationList = 309EC4F21F1CF1D300BB94C4 /* Build configuration list for PBXNativeTarget "Chat Application" */;
			buildPhases = (
				E373E6A47516CBDDA2A5E43D /* [CP] Check Pods Manifest.lock */,
				309EC4DC1F1CF1D300BB94C4 /* Sources */,
				309EC4DD1F1CF1D300BB94C4 /* Frameworks */,
				309EC4DE1F1CF1D300BB94C4 /* Resources */,
				A86F8A9031B05948CD7A55FB /* [CP] Embed Pods Frameworks */,
				A02EDC618236D5E48F8368E4 /* [CP] Copy Pods Resources */,
			);
			buildRules = (
			);
			dependencies = (
			);
			name = "Chat Application";
			productName = "Chat Application";
			productReference = 309EC4E01F1CF1D300BB94C4 /* Chat Application.app */;
			productType = "com.apple.product-type.application";
		};
/* End PBXNativeTarget section */

/* Begin PBXProject section */
		309EC4D81F1CF1D300BB94C4 /* Project object */ = {
			isa = PBXProject;
			attributes = {
				LastSwiftUpdateCheck = 0830;
				LastUpgradeCheck = 0920;
				ORGANIZATIONNAME = "Ivan Divljak";
				TargetAttributes = {
					309EC4DF1F1CF1D300BB94C4 = {
						CreatedOnToolsVersion = 8.3.3;
						DevelopmentTeam = NUHGDUME29;
						LastSwiftMigration = 0920;
						ProvisioningStyle = Automatic;
					};
				};
			};
			buildConfigurationList = 309EC4DB1F1CF1D300BB94C4 /* Build configuration list for PBXProject "Chat Application" */;
			compatibilityVersion = "Xcode 3.2";
			developmentRegion = English;
			hasScannedForEncodings = 0;
			knownRegions = (
				Base,
				en,
				ru,
			);
			mainGroup = 309EC4D71F1CF1D300BB94C4;
			productRefGroup = 309EC4E11F1CF1D300BB94C4 /* Products */;
			projectDirPath = "";
			projectRoot = "";
			targets = (
				309EC4DF1F1CF1D300BB94C4 /* Chat Application */,
			);
		};
/* End PBXProject section */

/* Begin PBXResourcesBuildPhase section */
		309EC4DE1F1CF1D300BB94C4 /* Resources */ = {
			isa = PBXResourcesBuildPhase;
			buildActionMask = 2147483647;
			files = (
				30EDCBC81F1E2CBD004C5B17 /* Localizable.strings in Resources */,
				30F25BF620AC474A005827CF /* art.scnassets in Resources */,
				3013DC6C1F209A0E00BF8EAC /* Main.storyboard in Resources */,
				30F25BA920AAE4AB005827CF /* GoogleService-Info.plist in Resources */,
				309EC4EE1F1CF1D300BB94C4 /* LaunchScreen.storyboard in Resources */,
				309EC4EB1F1CF1D300BB94C4 /* Assets.xcassets in Resources */,
			);
			runOnlyForDeploymentPostprocessing = 0;
		};
/* End PBXResourcesBuildPhase section */

/* Begin PBXShellScriptBuildPhase section */
		A02EDC618236D5E48F8368E4 /* [CP] Copy Pods Resources */ = {
			isa = PBXShellScriptBuildPhase;
			buildActionMask = 2147483647;
			files = (
			);
			inputPaths = (
				"${SRCROOT}/Pods/Target Support Files/Pods-Chat Application/Pods-Chat Application-resources.sh",
				"${PODS_ROOT}/GoogleSignIn/Resources/GoogleSignIn.bundle",
			);
			name = "[CP] Copy Pods Resources";
			outputPaths = (
				"${TARGET_BUILD_DIR}/${UNLOCALIZED_RESOURCES_FOLDER_PATH}/GoogleSignIn.bundle",
			);
			runOnlyForDeploymentPostprocessing = 0;
			shellPath = /bin/sh;
			shellScript = "\"${SRCROOT}/Pods/Target Support Files/Pods-Chat Application/Pods-Chat Application-resources.sh\"\n";
			showEnvVarsInLog = 0;
		};
		A86F8A9031B05948CD7A55FB /* [CP] Embed Pods Frameworks */ = {
			isa = PBXShellScriptBuildPhase;
			buildActionMask = 2147483647;
			files = (
			);
			inputPaths = (
				"${SRCROOT}/Pods/Target Support Files/Pods-Chat Application/Pods-Chat Application-frameworks.sh",
				"${BUILT_PRODUCTS_DIR}/ALTextInputBar/ALTextInputBar.framework",
				"${BUILT_PRODUCTS_DIR}/Chatto/Chatto.framework",
				"${BUILT_PRODUCTS_DIR}/ChattoAdditions/ChattoAdditions.framework",
				"${BUILT_PRODUCTS_DIR}/GTMOAuth2/GTMOAuth2.framework",
				"${BUILT_PRODUCTS_DIR}/GTMSessionFetcher/GTMSessionFetcher.framework",
				"${BUILT_PRODUCTS_DIR}/GoogleToolboxForMac/GoogleToolboxForMac.framework",
			);
			name = "[CP] Embed Pods Frameworks";
			outputPaths = (
				"${TARGET_BUILD_DIR}/${FRAMEWORKS_FOLDER_PATH}/ALTextInputBar.framework",
				"${TARGET_BUILD_DIR}/${FRAMEWORKS_FOLDER_PATH}/Chatto.framework",
				"${TARGET_BUILD_DIR}/${FRAMEWORKS_FOLDER_PATH}/ChattoAdditions.framework",
				"${TARGET_BUILD_DIR}/${FRAMEWORKS_FOLDER_PATH}/GTMOAuth2.framework",
				"${TARGET_BUILD_DIR}/${FRAMEWORKS_FOLDER_PATH}/GTMSessionFetcher.framework",
				"${TARGET_BUILD_DIR}/${FRAMEWORKS_FOLDER_PATH}/GoogleToolboxForMac.framework",
			);
			runOnlyForDeploymentPostprocessing = 0;
			shellPath = /bin/sh;
			shellScript = "\"${SRCROOT}/Pods/Target Support Files/Pods-Chat Application/Pods-Chat Application-frameworks.sh\"\n";
			showEnvVarsInLog = 0;
		};
		E373E6A47516CBDDA2A5E43D /* [CP] Check Pods Manifest.lock */ = {
			isa = PBXShellScriptBuildPhase;
			buildActionMask = 2147483647;
			files = (
			);
			inputPaths = (
				"${PODS_PODFILE_DIR_PATH}/Podfile.lock",
				"${PODS_ROOT}/Manifest.lock",
			);
			name = "[CP] Check Pods Manifest.lock";
			outputPaths = (
				"$(DERIVED_FILE_DIR)/Pods-Chat Application-checkManifestLockResult.txt",
			);
			runOnlyForDeploymentPostprocessing = 0;
			shellPath = /bin/sh;
			shellScript = "diff \"${PODS_PODFILE_DIR_PATH}/Podfile.lock\" \"${PODS_ROOT}/Manifest.lock\" > /dev/null\nif [ $? != 0 ] ; then\n    # print error to STDERR\n    echo \"error: The sandbox is not in sync with the Podfile.lock. Run 'pod install' or update your CocoaPods installation.\" >&2\n    exit 1\nfi\n# This output is used by Xcode 'outputs' to avoid re-running this script phase.\necho \"SUCCESS\" > \"${SCRIPT_OUTPUT_FILE_0}\"\n";
			showEnvVarsInLog = 0;
		};
/* End PBXShellScriptBuildPhase section */

/* Begin PBXSourcesBuildPhase section */
		309EC4DC1F1CF1D300BB94C4 /* Sources */ = {
			isa = PBXSourcesBuildPhase;
			buildActionMask = 2147483647;
			files = (
				309EC5101F1CF62500BB94C4 /* Chatroom.swift in Sources */,
				309EC4FA1F1CF36A00BB94C4 /* TableViewCell.swift in Sources */,
				30F25C0120AC4CCC005827CF /* MapPreviewViewController.swift in Sources */,
				309EC50B1F1CF4A300BB94C4 /* UserDao.swift in Sources */,
				309EC4FC1F1CF37000BB94C4 /* SelectedViewController.swift in Sources */,
				30F25BFB20AC4786005827CF /* StringExtension.swift in Sources */,
				304056C61F1E34A000EA2E14 /* MessagesDao.swift in Sources */,
				309EC50D1F1CF4AA00BB94C4 /* ChatroomDao.swift in Sources */,
				304056C81F1E404500EA2E14 /* MessagesViewController.swift in Sources */,
				30F25BAB20AB08EB005827CF /* LocationViewController.swift in Sources */,
				30F25BF920AC4769005827CF /* FloatExtension.swift in Sources */,
				30EDCBAC1F1E0083004C5B17 /* DialogUtils.swift in Sources */,
				303627501F1F828A0083C7AC /* MessagesTableViewCell.swift in Sources */,
				309EC4F81F1CF36300BB94C4 /* ChatroomTableViewController.swift in Sources */,
				304056C41F1E33B100EA2E14 /* Message.swift in Sources */,
				309EC5121F1CF6CC00BB94C4 /* Client.swift in Sources */,
				309EC4E41F1CF1D300BB94C4 /* AppDelegate.swift in Sources */,
			);
			runOnlyForDeploymentPostprocessing = 0;
		};
/* End PBXSourcesBuildPhase section */

/* Begin PBXVariantGroup section */
		309EC4EC1F1CF1D300BB94C4 /* LaunchScreen.storyboard */ = {
			isa = PBXVariantGroup;
			children = (
				309EC4ED1F1CF1D300BB94C4 /* Base */,
				30EDCBC31F1E2C72004C5B17 /* en */,
				30EDCBC51F1E2C79004C5B17 /* ru */,
			);
			name = LaunchScreen.storyboard;
			sourceTree = "<group>";
		};
		30EDCB9D1F1DFDB3004C5B17 /* Main.storyboard */ = {
			isa = PBXVariantGroup;
			children = (
				30EDCB9C1F1DFDB3004C5B17 /* Base */,
			);
			name = Main.storyboard;
			sourceTree = "<group>";
		};
		30EDCBC61F1E2CBD004C5B17 /* Localizable.strings */ = {
			isa = PBXVariantGroup;
			children = (
				30EDCBC71F1E2CBD004C5B17 /* en */,
			);
			name = Localizable.strings;
			path = ..;
			sourceTree = "<group>";
		};
/* End PBXVariantGroup section */

/* Begin XCBuildConfiguration section */
		309EC4F01F1CF1D300BB94C4 /* Debug */ = {
			isa = XCBuildConfiguration;
			buildSettings = {
				ALWAYS_SEARCH_USER_PATHS = NO;
				CLANG_ANALYZER_LOCALIZABILITY_NONLOCALIZED = YES;
				CLANG_ANALYZER_NONNULL = YES;
				CLANG_ANALYZER_NUMBER_OBJECT_CONVERSION = YES_AGGRESSIVE;
				CLANG_CXX_LANGUAGE_STANDARD = "gnu++0x";
				CLANG_CXX_LIBRARY = "libc++";
				CLANG_ENABLE_MODULES = YES;
				CLANG_ENABLE_OBJC_ARC = YES;
				CLANG_WARN_BLOCK_CAPTURE_AUTORELEASING = YES;
				CLANG_WARN_BOOL_CONVERSION = YES;
				CLANG_WARN_COMMA = YES;
				CLANG_WARN_CONSTANT_CONVERSION = YES;
				CLANG_WARN_DIRECT_OBJC_ISA_USAGE = YES_ERROR;
				CLANG_WARN_DOCUMENTATION_COMMENTS = YES;
				CLANG_WARN_EMPTY_BODY = YES;
				CLANG_WARN_ENUM_CONVERSION = YES;
				CLANG_WARN_INFINITE_RECURSION = YES;
				CLANG_WARN_INT_CONVERSION = YES;
				CLANG_WARN_NON_LITERAL_NULL_CONVERSION = YES;
				CLANG_WARN_OBJC_LITERAL_CONVERSION = YES;
				CLANG_WARN_OBJC_ROOT_CLASS = YES_ERROR;
				CLANG_WARN_RANGE_LOOP_ANALYSIS = YES;
				CLANG_WARN_STRICT_PROTOTYPES = YES;
				CLANG_WARN_SUSPICIOUS_MOVE = YES;
				CLANG_WARN_UNREACHABLE_CODE = YES;
				CLANG_WARN__DUPLICATE_METHOD_MATCH = YES;
				"CODE_SIGN_IDENTITY[sdk=iphoneos*]" = "iPhone Developer";
				COPY_PHASE_STRIP = NO;
				DEBUG_INFORMATION_FORMAT = dwarf;
				ENABLE_STRICT_OBJC_MSGSEND = YES;
				ENABLE_TESTABILITY = YES;
				GCC_C_LANGUAGE_STANDARD = gnu99;
				GCC_DYNAMIC_NO_PIC = NO;
				GCC_NO_COMMON_BLOCKS = YES;
				GCC_OPTIMIZATION_LEVEL = 0;
				GCC_PREPROCESSOR_DEFINITIONS = (
					"DEBUG=1",
					"$(inherited)",
				);
				GCC_WARN_64_TO_32_BIT_CONVERSION = YES;
				GCC_WARN_ABOUT_RETURN_TYPE = YES_ERROR;
				GCC_WARN_UNDECLARED_SELECTOR = YES;
				GCC_WARN_UNINITIALIZED_AUTOS = YES_AGGRESSIVE;
				GCC_WARN_UNUSED_FUNCTION = YES;
				GCC_WARN_UNUSED_VARIABLE = YES;
				IPHONEOS_DEPLOYMENT_TARGET = 10.0;
				MTL_ENABLE_DEBUG_INFO = YES;
				ONLY_ACTIVE_ARCH = YES;
				SDKROOT = iphoneos;
				SWIFT_ACTIVE_COMPILATION_CONDITIONS = DEBUG;
				SWIFT_OPTIMIZATION_LEVEL = "-Onone";
				TARGETED_DEVICE_FAMILY = "1,2";
			};
			name = Debug;
		};
		309EC4F11F1CF1D300BB94C4 /* Release */ = {
			isa = XCBuildConfiguration;
			buildSettings = {
				ALWAYS_SEARCH_USER_PATHS = NO;
				CLANG_ANALYZER_LOCALIZABILITY_NONLOCALIZED = YES;
				CLANG_ANALYZER_NONNULL = YES;
				CLANG_ANALYZER_NUMBER_OBJECT_CONVERSION = YES_AGGRESSIVE;
				CLANG_CXX_LANGUAGE_STANDARD = "gnu++0x";
				CLANG_CXX_LIBRARY = "libc++";
				CLANG_ENABLE_MODULES = YES;
				CLANG_ENABLE_OBJC_ARC = YES;
				CLANG_WARN_BLOCK_CAPTURE_AUTORELEASING = YES;
				CLANG_WARN_BOOL_CONVERSION = YES;
				CLANG_WARN_COMMA = YES;
				CLANG_WARN_CONSTANT_CONVERSION = YES;
				CLANG_WARN_DIRECT_OBJC_ISA_USAGE = YES_ERROR;
				CLANG_WARN_DOCUMENTATION_COMMENTS = YES;
				CLANG_WARN_EMPTY_BODY = YES;
				CLANG_WARN_ENUM_CONVERSION = YES;
				CLANG_WARN_INFINITE_RECURSION = YES;
				CLANG_WARN_INT_CONVERSION = YES;
				CLANG_WARN_NON_LITERAL_NULL_CONVERSION = YES;
				CLANG_WARN_OBJC_LITERAL_CONVERSION = YES;
				CLANG_WARN_OBJC_ROOT_CLASS = YES_ERROR;
				CLANG_WARN_RANGE_LOOP_ANALYSIS = YES;
				CLANG_WARN_STRICT_PROTOTYPES = YES;
				CLANG_WARN_SUSPICIOUS_MOVE = YES;
				CLANG_WARN_UNREACHABLE_CODE = YES;
				CLANG_WARN__DUPLICATE_METHOD_MATCH = YES;
				"CODE_SIGN_IDENTITY[sdk=iphoneos*]" = "iPhone Developer";
				COPY_PHASE_STRIP = NO;
				DEBUG_INFORMATION_FORMAT = "dwarf-with-dsym";
				ENABLE_NS_ASSERTIONS = NO;
				ENABLE_STRICT_OBJC_MSGSEND = YES;
				GCC_C_LANGUAGE_STANDARD = gnu99;
				GCC_NO_COMMON_BLOCKS = YES;
				GCC_WARN_64_TO_32_BIT_CONVERSION = YES;
				GCC_WARN_ABOUT_RETURN_TYPE = YES_ERROR;
				GCC_WARN_UNDECLARED_SELECTOR = YES;
				GCC_WARN_UNINITIALIZED_AUTOS = YES_AGGRESSIVE;
				GCC_WARN_UNUSED_FUNCTION = YES;
				GCC_WARN_UNUSED_VARIABLE = YES;
				IPHONEOS_DEPLOYMENT_TARGET = 10.0;
				MTL_ENABLE_DEBUG_INFO = NO;
				SDKROOT = iphoneos;
				SWIFT_OPTIMIZATION_LEVEL = "-Owholemodule";
				TARGETED_DEVICE_FAMILY = "1,2";
				VALIDATE_PRODUCT = YES;
			};
			name = Release;
		};
		309EC4F31F1CF1D300BB94C4 /* Debug */ = {
			isa = XCBuildConfiguration;
			baseConfigurationReference = F5D81F2C6074D4D57309C5C5 /* Pods-Chat Application.debug.xcconfig */;
			buildSettings = {
				ASSETCATALOG_COMPILER_APPICON_NAME = AppIcon;
				CLANG_ENABLE_MODULES = YES;
				DEVELOPMENT_TEAM = NUHGDUME29;
				INFOPLIST_FILE = "Chat Application/Info.plist";
				IPHONEOS_DEPLOYMENT_TARGET = 11.0;
				LD_RUNPATH_SEARCH_PATHS = "$(inherited) @executable_path/Frameworks";
				PRODUCT_BUNDLE_IDENTIFIER = com.chatApplication.faculty;
				PRODUCT_NAME = "$(TARGET_NAME)";
				SWIFT_OBJC_BRIDGING_HEADER = "Chat Application/Chat Application-Bridging-Header.h";
				SWIFT_OPTIMIZATION_LEVEL = "-Onone";
				SWIFT_SWIFT3_OBJC_INFERENCE = On;
				SWIFT_VERSION = 4.0;
			};
			name = Debug;
		};
		309EC4F41F1CF1D300BB94C4 /* Release */ = {
			isa = XCBuildConfiguration;
			baseConfigurationReference = 904BA1DF2BF2628839E3503B /* Pods-Chat Application.release.xcconfig */;
			buildSettings = {
				ASSETCATALOG_COMPILER_APPICON_NAME = AppIcon;
				CLANG_ENABLE_MODULES = YES;
				DEVELOPMENT_TEAM = NUHGDUME29;
				INFOPLIST_FILE = "Chat Application/Info.plist";
				IPHONEOS_DEPLOYMENT_TARGET = 11.0;
				LD_RUNPATH_SEARCH_PATHS = "$(inherited) @executable_path/Frameworks";
				PRODUCT_BUNDLE_IDENTIFIER = com.chatApplication.faculty;
				PRODUCT_NAME = "$(TARGET_NAME)";
				SWIFT_OBJC_BRIDGING_HEADER = "Chat Application/Chat Application-Bridging-Header.h";
				SWIFT_SWIFT3_OBJC_INFERENCE = On;
				SWIFT_VERSION = 4.0;
			};
			name = Release;
		};
/* End XCBuildConfiguration section */

/* Begin XCConfigurationList section */
		309EC4DB1F1CF1D300BB94C4 /* Build configuration list for PBXProject "Chat Application" */ = {
			isa = XCConfigurationList;
			buildConfigurations = (
				309EC4F01F1CF1D300BB94C4 /* Debug */,
				309EC4F11F1CF1D300BB94C4 /* Release */,
			);
			defaultConfigurationIsVisible = 0;
			defaultConfigurationName = Debug;
		};
		309EC4F21F1CF1D300BB94C4 /* Build configuration list for PBXNativeTarget "Chat Application" */ = {
			isa = XCConfigurationList;
			buildConfigurations = (
				309EC4F31F1CF1D300BB94C4 /* Debug */,
				309EC4F41F1CF1D300BB94C4 /* Release */,
			);
			defaultConfigurationIsVisible = 0;
			defaultConfigurationName = Debug;
		};
/* End XCConfigurationList section */
	};
	rootObject = 309EC4D81F1CF1D300BB94C4 /* Project object */;
}
